
Microsoft Visual Studio Solution File, Format Version 12.00
# Visual Studio Version 16
VisualStudioVersion = 16.0.29709.97
MinimumVisualStudioVersion = 10.0.40219.1
Project("{2150E333-8FDC-42A3-9474-1A3956D46DE8}") = "CH01", "CH01", "{87DCC9FA-32C5-45DC-9E9C-E0E3E115B534}"
EndProject
Project("{8BC9CEB8-8B4A-11D0-8D11-00A0C91BC942}") = "FirstApp", "FirstApp\FirstApp.vcxproj", "{2E9DCEBC-AD74-4BE0-8E65-06E2DC5F4FBC}"
EndProject
Project("{8BC9CEB8-8B4A-11D0-8D11-00A0C91BC942}") = "TemplateTest", "TemplateTest\TemplateTest.vcxproj", "{63CB68E0-22F6-42FC-A637-2CE213ED8B0A}"
EndProject
Project("{2150E333-8FDC-42A3-9474-1A3956D46DE8}") = "CH03", "CH03", "{019F221C-5EED-4D07-9AD0-89D796264438}"
EndProject
Project("{8BC9CEB8-8B4A-11D0-8D11-00A0C91BC942}") = "VarTest", "VarTest\VarTest.vcxproj", "{97B29421-EB5D-430F-B314-A97D9FD02DC2}"
EndProject
Project("{8BC9CEB8-8B4A-11D0-8D11-00A0C91BC942}") = "StringTest", "StringTest\StringTest.vcxproj", "{F4BD07B8-FF6E-4D9D-9691-05B6E68C7436}"
EndProject
Project("{8BC9CEB8-8B4A-11D0-8D11-00A0C91BC942}") = "InputTest", "InputTest\InputTest.vcxproj", "{9B05B864-631B-4A3B-A7E6-3A90E58672F9}"
EndProject
Global
	GlobalSection(SolutionConfigurationPlatforms) = preSolution
		Debug|x64 = Debug|x64
		Debug|x86 = Debug|x86
		Release|x64 = Release|x64
		Release|x86 = Release|x86
	EndGlobalSection
	GlobalSection(ProjectConfigurationPlatforms) = postSolution
		{2E9DCEBC-AD74-4BE0-8E65-06E2DC5F4FBC}.Debug|x64.ActiveCfg = Debug|x64
		{2E9DCEBC-AD74-4BE0-8E65-06E2DC5F4FBC}.Debug|x64.Build.0 = Debug|x64
		{2E9DCEBC-AD74-4BE0-8E65-06E2DC5F4FBC}.Debug|x86.ActiveCfg = Debug|Win32
		{2E9DCEBC-AD74-4BE0-8E65-06E2DC5F4FBC}.Debug|x86.Build.0 = Debug|Win32
		{2E9DCEBC-AD74-4BE0-8E65-06E2DC5F4FBC}.Release|x64.ActiveCfg = Release|x64
		{2E9DCEBC-AD74-4BE0-8E65-06E2DC5F4FBC}.Release|x64.Build.0 = Release|x64
		{2E9DCEBC-AD74-4BE0-8E65-06E2DC5F4FBC}.Release|x86.ActiveCfg = Release|Win32
		{2E9DCEBC-AD74-4BE0-8E65-06E2DC5F4FBC}.Release|x86.Build.0 = Release|Win32
		{63CB68E0-22F6-42FC-A637-2CE213ED8B0A}.Debug|x64.ActiveCfg = Debug|x64
		{63CB68E0-22F6-42FC-A637-2CE213ED8B0A}.Debug|x64.Build.0 = Debug|x64
		{63CB68E0-22F6-42FC-A637-2CE213ED8B0A}.Debug|x86.ActiveCfg = Debug|Win32
		{63CB68E0-22F6-42FC-A637-2CE213ED8B0A}.Debug|x86.Build.0 = Debug|Win32
		{63CB68E0-22F6-42FC-A637-2CE213ED8B0A}.Release|x64.ActiveCfg = Release|x64
		{63CB68E0-22F6-42FC-A637-2CE213ED8B0A}.Release|x64.Build.0 = Release|x64
		{63CB68E0-22F6-42FC-A637-2CE213ED8B0A}.Release|x86.ActiveCfg = Release|Win32
		{63CB68E0-22F6-42FC-A637-2CE213ED8B0A}.Release|x86.Build.0 = Release|Win32
		{97B29421-EB5D-430F-B314-A97D9FD02DC2}.Debug|x64.ActiveCfg = Debug|x64
		{97B29421-EB5D-430F-B314-A97D9FD02DC2}.Debug|x64.Build.0 = Debug|x64
		{97B29421-EB5D-430F-B314-A97D9FD02DC2}.Debug|x86.ActiveCfg = Debug|Win32
		{97B29421-EB5D-430F-B314-A97D9FD02DC2}.Debug|x86.Build.0 = Debug|Win32
		{97B29421-EB5D-430F-B314-A97D9FD02DC2}.Release|x64.ActiveCfg = Release|x64
		{97B29421-EB5D-430F-B314-A97D9FD02DC2}.Release|x64.Build.0 = Release|x64
		{97B29421-EB5D-430F-B314-A97D9FD02DC2}.Release|x86.ActiveCfg = Release|Win32
		{97B29421-EB5D-430F-B314-A97D9FD02DC2}.Release|x86.Build.0 = Release|Win32
		{F4BD07B8-FF6E-4D9D-9691-05B6E68C7436}.Debug|x64.ActiveCfg = Debug|x64
		{F4BD07B8-FF6E-4D9D-9691-05B6E68C7436}.Debug|x64.Build.0 = Debug|x64
		{F4BD07B8-FF6E-4D9D-9691-05B6E68C7436}.Debug|x86.ActiveCfg = Debug|Win32
		{F4BD07B8-FF6E-4D9D-9691-05B6E68C7436}.Debug|x86.Build.0 = Debug|Win32
		{F4BD07B8-FF6E-4D9D-9691-05B6E68C7436}.Release|x64.ActiveCfg = Release|x64
		{F4BD07B8-FF6E-4D9D-9691-05B6E68C7436}.Release|x64.Build.0 = Release|x64
		{F4BD07B8-FF6E-4D9D-9691-05B6E68C7436}.Release|x86.ActiveCfg = Release|Win32
		{F4BD07B8-FF6E-4D9D-9691-05B6E68C7436}.Release|x86.Build.0 = Release|Win32
		{9B05B864-631B-4A3B-A7E6-3A90E58672F9}.Debug|x64.ActiveCfg = Debug|x64
		{9B05B864-631B-4A3B-A7E6-3A90E58672F9}.Debug|x64.Build.0 = Debug|x64
		{9B05B864-631B-4A3B-A7E6-3A90E58672F9}.Debug|x86.ActiveCfg = Debug|Win32
		{9B05B864-631B-4A3B-A7E6-3A90E58672F9}.Debug|x86.Build.0 = Debug|Win32
		{9B05B864-631B-4A3B-A7E6-3A90E58672F9}.Release|x64.ActiveCfg = Release|x64
		{9B05B864-631B-4A3B-A7E6-3A90E58672F9}.Release|x64.Build.0 = Release|x64
		{9B05B864-631B-4A3B-A7E6-3A90E58672F9}.Release|x86.ActiveCfg = Release|Win32
		{9B05B864-631B-4A3B-A7E6-3A90E58672F9}.Release|x86.Build.0 = Release|Win32
	EndGlobalSection
	GlobalSection(SolutionProperties) = preSolution
		HideSolutionNode = FALSE
	EndGlobalSection
	GlobalSection(NestedProjects) = preSolution
		{2E9DCEBC-AD74-4BE0-8E65-06E2DC5F4FBC} = {87DCC9FA-32C5-45DC-9E9C-E0E3E115B534}
		{63CB68E0-22F6-42FC-A637-2CE213ED8B0A} = {87DCC9FA-32C5-45DC-9E9C-E0E3E115B534}
		{97B29421-EB5D-430F-B314-A97D9FD02DC2} = {019F221C-5EED-4D07-9AD0-89D796264438}
		{F4BD07B8-FF6E-4D9D-9691-05B6E68C7436} = {019F221C-5EED-4D07-9AD0-89D796264438}
		{9B05B864-631B-4A3B-A7E6-3A90E58672F9} = {019F221C-5EED-4D07-9AD0-89D796264438}
	EndGlobalSection
	GlobalSection(ExtensibilityGlobals) = postSolution
		SolutionGuid = {F7FD1736-E03A-4C02-B22C-5C82ACF572F6}
	EndGlobalSection
EndGlobal
