
Microsoft Visual Studio Solution File, Format Version 12.00
# Visual Studio Version 16
VisualStudioVersion = 16.0.29709.97
MinimumVisualStudioVersion = 10.0.40219.1
Project("{2150E333-8FDC-42A3-9474-1A3956D46DE8}") = "CH01", "CH01", "{87DCC9FA-32C5-45DC-9E9C-E0E3E115B534}"
EndProject
Project("{8BC9CEB8-8B4A-11D0-8D11-00A0C91BC942}") = "FirstApp", "FirstApp\FirstApp.vcxproj", "{2E9DCEBC-AD74-4BE0-8E65-06E2DC5F4FBC}"
EndProject
Project("{8BC9CEB8-8B4A-11D0-8D11-00A0C91BC942}") = "TemplateTest", "TemplateTest\TemplateTest.vcxproj", "{63CB68E0-22F6-42FC-A637-2CE213ED8B0A}"
EndProject
Project("{2150E333-8FDC-42A3-9474-1A3956D46DE8}") = "CH03", "CH03", "{019F221C-5EED-4D07-9AD0-89D796264438}"
EndProject
Project("{8BC9CEB8-8B4A-11D0-8D11-00A0C91BC942}") = "VarTest", "VarTest\VarTest.vcxproj", "{97B29421-EB5D-430F-B314-A97D9FD02DC2}"
EndProject
Project("{8BC9CEB8-8B4A-11D0-8D11-00A0C91BC942}") = "StringTest", "StringTest\StringTest.vcxproj", "{F4BD07B8-FF6E-4D9D-9691-05B6E68C7436}"
EndProject
Project("{8BC9CEB8-8B4A-11D0-8D11-00A0C91BC942}") = "InputTest", "InputTest\InputTest.vcxproj", "{9B05B864-631B-4A3B-A7E6-3A90E58672F9}"
EndProject
Project("{2150E333-8FDC-42A3-9474-1A3956D46DE8}") = "CH04", "CH04", "{A1F0F0DB-0127-4245-8101-C2481E3691C0}"
EndProject
Project("{8BC9CEB8-8B4A-11D0-8D11-00A0C91BC942}") = "DivideTest", "DivideTest\DivideTest.vcxproj", "{6A8EDF9C-63F1-4B2D-9C7C-C6A45BCA009F}"
EndProject
Project("{8BC9CEB8-8B4A-11D0-8D11-00A0C91BC942}") = "example03", "example03\example03.vcxproj", "{A5091302-AAA3-4BE4-A0A3-4734057CE59C}"
EndProject
Project("{8BC9CEB8-8B4A-11D0-8D11-00A0C91BC942}") = "Example Challenge", "Example Challenge\Example Challenge.vcxproj", "{BE2A02BE-3BD7-489F-A024-6942109591DA}"
EndProject
Project("{8BC9CEB8-8B4A-11D0-8D11-00A0C91BC942}") = "CastTest", "CastTest\CastTest.vcxproj", "{9D375500-D212-4085-B7AD-DE4CBF89C2B7}"
EndProject
Project("{8BC9CEB8-8B4A-11D0-8D11-00A0C91BC942}") = "SizeofTest", "SizeofTest\SizeofTest.vcxproj", "{B4CCC72C-B1C2-435A-BF05-FF8FC2645E78}"
EndProject
Project("{8BC9CEB8-8B4A-11D0-8D11-00A0C91BC942}") = "OpTestApp", "OpTestApp\OpTestApp.vcxproj", "{B325A5A2-698F-4C55-876B-FD5D87F85ACD}"
EndProject
Project("{2150E333-8FDC-42A3-9474-1A3956D46DE8}") = "CH05", "CH05", "{38FF7B5B-9EDA-4D74-AA8C-5A865C395E6B}"
EndProject
Global
	GlobalSection(SolutionConfigurationPlatforms) = preSolution
		Debug|x64 = Debug|x64
		Debug|x86 = Debug|x86
		Release|x64 = Release|x64
		Release|x86 = Release|x86
	EndGlobalSection
	GlobalSection(ProjectConfigurationPlatforms) = postSolution
		{2E9DCEBC-AD74-4BE0-8E65-06E2DC5F4FBC}.Debug|x64.ActiveCfg = Debug|x64
		{2E9DCEBC-AD74-4BE0-8E65-06E2DC5F4FBC}.Debug|x64.Build.0 = Debug|x64
		{2E9DCEBC-AD74-4BE0-8E65-06E2DC5F4FBC}.Debug|x86.ActiveCfg = Debug|Win32
		{2E9DCEBC-AD74-4BE0-8E65-06E2DC5F4FBC}.Debug|x86.Build.0 = Debug|Win32
		{2E9DCEBC-AD74-4BE0-8E65-06E2DC5F4FBC}.Release|x64.ActiveCfg = Release|x64
		{2E9DCEBC-AD74-4BE0-8E65-06E2DC5F4FBC}.Release|x64.Build.0 = Release|x64
		{2E9DCEBC-AD74-4BE0-8E65-06E2DC5F4FBC}.Release|x86.ActiveCfg = Release|Win32
		{2E9DCEBC-AD74-4BE0-8E65-06E2DC5F4FBC}.Release|x86.Build.0 = Release|Win32
		{63CB68E0-22F6-42FC-A637-2CE213ED8B0A}.Debug|x64.ActiveCfg = Debug|x64
		{63CB68E0-22F6-42FC-A637-2CE213ED8B0A}.Debug|x64.Build.0 = Debug|x64
		{63CB68E0-22F6-42FC-A637-2CE213ED8B0A}.Debug|x86.ActiveCfg = Debug|Win32
		{63CB68E0-22F6-42FC-A637-2CE213ED8B0A}.Debug|x86.Build.0 = Debug|Win32
		{63CB68E0-22F6-42FC-A637-2CE213ED8B0A}.Release|x64.ActiveCfg = Release|x64
		{63CB68E0-22F6-42FC-A637-2CE213ED8B0A}.Release|x64.Build.0 = Release|x64
		{63CB68E0-22F6-42FC-A637-2CE213ED8B0A}.Release|x86.ActiveCfg = Release|Win32
		{63CB68E0-22F6-42FC-A637-2CE213ED8B0A}.Release|x86.Build.0 = Release|Win32
		{97B29421-EB5D-430F-B314-A97D9FD02DC2}.Debug|x64.ActiveCfg = Debug|x64
		{97B29421-EB5D-430F-B314-A97D9FD02DC2}.Debug|x64.Build.0 = Debug|x64
		{97B29421-EB5D-430F-B314-A97D9FD02DC2}.Debug|x86.ActiveCfg = Debug|Win32
		{97B29421-EB5D-430F-B314-A97D9FD02DC2}.Debug|x86.Build.0 = Debug|Win32
		{97B29421-EB5D-430F-B314-A97D9FD02DC2}.Release|x64.ActiveCfg = Release|x64
		{97B29421-EB5D-430F-B314-A97D9FD02DC2}.Release|x64.Build.0 = Release|x64
		{97B29421-EB5D-430F-B314-A97D9FD02DC2}.Release|x86.ActiveCfg = Release|Win32
		{97B29421-EB5D-430F-B314-A97D9FD02DC2}.Release|x86.Build.0 = Release|Win32
		{F4BD07B8-FF6E-4D9D-9691-05B6E68C7436}.Debug|x64.ActiveCfg = Debug|x64
		{F4BD07B8-FF6E-4D9D-9691-05B6E68C7436}.Debug|x64.Build.0 = Debug|x64
		{F4BD07B8-FF6E-4D9D-9691-05B6E68C7436}.Debug|x86.ActiveCfg = Debug|Win32
		{F4BD07B8-FF6E-4D9D-9691-05B6E68C7436}.Debug|x86.Build.0 = Debug|Win32
		{F4BD07B8-FF6E-4D9D-9691-05B6E68C7436}.Release|x64.ActiveCfg = Release|x64
		{F4BD07B8-FF6E-4D9D-9691-05B6E68C7436}.Release|x64.Build.0 = Release|x64
		{F4BD07B8-FF6E-4D9D-9691-05B6E68C7436}.Release|x86.ActiveCfg = Release|Win32
		{F4BD07B8-FF6E-4D9D-9691-05B6E68C7436}.Release|x86.Build.0 = Release|Win32
		{9B05B864-631B-4A3B-A7E6-3A90E58672F9}.Debug|x64.ActiveCfg = Debug|x64
		{9B05B864-631B-4A3B-A7E6-3A90E58672F9}.Debug|x64.Build.0 = Debug|x64
		{9B05B864-631B-4A3B-A7E6-3A90E58672F9}.Debug|x86.ActiveCfg = Debug|Win32
		{9B05B864-631B-4A3B-A7E6-3A90E58672F9}.Debug|x86.Build.0 = Debug|Win32
		{9B05B864-631B-4A3B-A7E6-3A90E58672F9}.Release|x64.ActiveCfg = Release|x64
		{9B05B864-631B-4A3B-A7E6-3A90E58672F9}.Release|x64.Build.0 = Release|x64
		{9B05B864-631B-4A3B-A7E6-3A90E58672F9}.Release|x86.ActiveCfg = Release|Win32
		{9B05B864-631B-4A3B-A7E6-3A90E58672F9}.Release|x86.Build.0 = Release|Win32
		{6A8EDF9C-63F1-4B2D-9C7C-C6A45BCA009F}.Debug|x64.ActiveCfg = Debug|x64
		{6A8EDF9C-63F1-4B2D-9C7C-C6A45BCA009F}.Debug|x64.Build.0 = Debug|x64
		{6A8EDF9C-63F1-4B2D-9C7C-C6A45BCA009F}.Debug|x86.ActiveCfg = Debug|Win32
		{6A8EDF9C-63F1-4B2D-9C7C-C6A45BCA009F}.Debug|x86.Build.0 = Debug|Win32
		{6A8EDF9C-63F1-4B2D-9C7C-C6A45BCA009F}.Release|x64.ActiveCfg = Release|x64
		{6A8EDF9C-63F1-4B2D-9C7C-C6A45BCA009F}.Release|x64.Build.0 = Release|x64
		{6A8EDF9C-63F1-4B2D-9C7C-C6A45BCA009F}.Release|x86.ActiveCfg = Release|Win32
		{6A8EDF9C-63F1-4B2D-9C7C-C6A45BCA009F}.Release|x86.Build.0 = Release|Win32
		{A5091302-AAA3-4BE4-A0A3-4734057CE59C}.Debug|x64.ActiveCfg = Debug|x64
		{A5091302-AAA3-4BE4-A0A3-4734057CE59C}.Debug|x64.Build.0 = Debug|x64
		{A5091302-AAA3-4BE4-A0A3-4734057CE59C}.Debug|x86.ActiveCfg = Debug|Win32
		{A5091302-AAA3-4BE4-A0A3-4734057CE59C}.Debug|x86.Build.0 = Debug|Win32
		{A5091302-AAA3-4BE4-A0A3-4734057CE59C}.Release|x64.ActiveCfg = Release|x64
		{A5091302-AAA3-4BE4-A0A3-4734057CE59C}.Release|x64.Build.0 = Release|x64
		{A5091302-AAA3-4BE4-A0A3-4734057CE59C}.Release|x86.ActiveCfg = Release|Win32
		{A5091302-AAA3-4BE4-A0A3-4734057CE59C}.Release|x86.Build.0 = Release|Win32
		{BE2A02BE-3BD7-489F-A024-6942109591DA}.Debug|x64.ActiveCfg = Debug|x64
		{BE2A02BE-3BD7-489F-A024-6942109591DA}.Debug|x64.Build.0 = Debug|x64
		{BE2A02BE-3BD7-489F-A024-6942109591DA}.Debug|x86.ActiveCfg = Debug|Win32
		{BE2A02BE-3BD7-489F-A024-6942109591DA}.Debug|x86.Build.0 = Debug|Win32
		{BE2A02BE-3BD7-489F-A024-6942109591DA}.Release|x64.ActiveCfg = Release|x64
		{BE2A02BE-3BD7-489F-A024-6942109591DA}.Release|x64.Build.0 = Release|x64
		{BE2A02BE-3BD7-489F-A024-6942109591DA}.Release|x86.ActiveCfg = Release|Win32
		{BE2A02BE-3BD7-489F-A024-6942109591DA}.Release|x86.Build.0 = Release|Win32
		{9D375500-D212-4085-B7AD-DE4CBF89C2B7}.Debug|x64.ActiveCfg = Debug|x64
		{9D375500-D212-4085-B7AD-DE4CBF89C2B7}.Debug|x64.Build.0 = Debug|x64
		{9D375500-D212-4085-B7AD-DE4CBF89C2B7}.Debug|x86.ActiveCfg = Debug|Win32
		{9D375500-D212-4085-B7AD-DE4CBF89C2B7}.Debug|x86.Build.0 = Debug|Win32
		{9D375500-D212-4085-B7AD-DE4CBF89C2B7}.Release|x64.ActiveCfg = Release|x64
		{9D375500-D212-4085-B7AD-DE4CBF89C2B7}.Release|x64.Build.0 = Release|x64
		{9D375500-D212-4085-B7AD-DE4CBF89C2B7}.Release|x86.ActiveCfg = Release|Win32
		{9D375500-D212-4085-B7AD-DE4CBF89C2B7}.Release|x86.Build.0 = Release|Win32
		{B4CCC72C-B1C2-435A-BF05-FF8FC2645E78}.Debug|x64.ActiveCfg = Debug|x64
		{B4CCC72C-B1C2-435A-BF05-FF8FC2645E78}.Debug|x64.Build.0 = Debug|x64
		{B4CCC72C-B1C2-435A-BF05-FF8FC2645E78}.Debug|x86.ActiveCfg = Debug|Win32
		{B4CCC72C-B1C2-435A-BF05-FF8FC2645E78}.Debug|x86.Build.0 = Debug|Win32
		{B4CCC72C-B1C2-435A-BF05-FF8FC2645E78}.Release|x64.ActiveCfg = Release|x64
		{B4CCC72C-B1C2-435A-BF05-FF8FC2645E78}.Release|x64.Build.0 = Release|x64
		{B4CCC72C-B1C2-435A-BF05-FF8FC2645E78}.Release|x86.ActiveCfg = Release|Win32
		{B4CCC72C-B1C2-435A-BF05-FF8FC2645E78}.Release|x86.Build.0 = Release|Win32
		{B325A5A2-698F-4C55-876B-FD5D87F85ACD}.Debug|x64.ActiveCfg = Debug|x64
		{B325A5A2-698F-4C55-876B-FD5D87F85ACD}.Debug|x64.Build.0 = Debug|x64
		{B325A5A2-698F-4C55-876B-FD5D87F85ACD}.Debug|x86.ActiveCfg = Debug|Win32
		{B325A5A2-698F-4C55-876B-FD5D87F85ACD}.Debug|x86.Build.0 = Debug|Win32
		{B325A5A2-698F-4C55-876B-FD5D87F85ACD}.Release|x64.ActiveCfg = Release|x64
		{B325A5A2-698F-4C55-876B-FD5D87F85ACD}.Release|x64.Build.0 = Release|x64
		{B325A5A2-698F-4C55-876B-FD5D87F85ACD}.Release|x86.ActiveCfg = Release|Win32
		{B325A5A2-698F-4C55-876B-FD5D87F85ACD}.Release|x86.Build.0 = Release|Win32
	EndGlobalSection
	GlobalSection(SolutionProperties) = preSolution
		HideSolutionNode = FALSE
	EndGlobalSection
	GlobalSection(NestedProjects) = preSolution
		{2E9DCEBC-AD74-4BE0-8E65-06E2DC5F4FBC} = {87DCC9FA-32C5-45DC-9E9C-E0E3E115B534}
		{63CB68E0-22F6-42FC-A637-2CE213ED8B0A} = {87DCC9FA-32C5-45DC-9E9C-E0E3E115B534}
		{97B29421-EB5D-430F-B314-A97D9FD02DC2} = {019F221C-5EED-4D07-9AD0-89D796264438}
		{F4BD07B8-FF6E-4D9D-9691-05B6E68C7436} = {019F221C-5EED-4D07-9AD0-89D796264438}
		{9B05B864-631B-4A3B-A7E6-3A90E58672F9} = {019F221C-5EED-4D07-9AD0-89D796264438}
		{6A8EDF9C-63F1-4B2D-9C7C-C6A45BCA009F} = {A1F0F0DB-0127-4245-8101-C2481E3691C0}
		{A5091302-AAA3-4BE4-A0A3-4734057CE59C} = {A1F0F0DB-0127-4245-8101-C2481E3691C0}
		{BE2A02BE-3BD7-489F-A024-6942109591DA} = {A1F0F0DB-0127-4245-8101-C2481E3691C0}
		{9D375500-D212-4085-B7AD-DE4CBF89C2B7} = {A1F0F0DB-0127-4245-8101-C2481E3691C0}
		{B4CCC72C-B1C2-435A-BF05-FF8FC2645E78} = {A1F0F0DB-0127-4245-8101-C2481E3691C0}
		{B325A5A2-698F-4C55-876B-FD5D87F85ACD} = {A1F0F0DB-0127-4245-8101-C2481E3691C0}
	EndGlobalSection
	GlobalSection(ExtensibilityGlobals) = postSolution
		SolutionGuid = {F7FD1736-E03A-4C02-B22C-5C82ACF572F6}
	EndGlobalSection
EndGlobal
