
Microsoft Visual Studio Solution File, Format Version 12.00
# Visual Studio Version 16
VisualStudioVersion = 16.0.29709.97
MinimumVisualStudioVersion = 10.0.40219.1
Project("{2150E333-8FDC-42A3-9474-1A3956D46DE8}") = "CH01", "CH01", "{87DCC9FA-32C5-45DC-9E9C-E0E3E115B534}"
EndProject
Project("{8BC9CEB8-8B4A-11D0-8D11-00A0C91BC942}") = "FirstApp", "FirstApp\FirstApp.vcxproj", "{2E9DCEBC-AD74-4BE0-8E65-06E2DC5F4FBC}"
EndProject
Project("{8BC9CEB8-8B4A-11D0-8D11-00A0C91BC942}") = "TemplateTest", "TemplateTest\TemplateTest.vcxproj", "{63CB68E0-22F6-42FC-A637-2CE213ED8B0A}"
EndProject
Project("{2150E333-8FDC-42A3-9474-1A3956D46DE8}") = "CH03", "CH03", "{019F221C-5EED-4D07-9AD0-89D796264438}"
EndProject
Project("{8BC9CEB8-8B4A-11D0-8D11-00A0C91BC942}") = "VarTest", "VarTest\VarTest.vcxproj", "{97B29421-EB5D-430F-B314-A97D9FD02DC2}"
EndProject
Project("{8BC9CEB8-8B4A-11D0-8D11-00A0C91BC942}") = "StringTest", "StringTest\StringTest.vcxproj", "{F4BD07B8-FF6E-4D9D-9691-05B6E68C7436}"
EndProject
Project("{8BC9CEB8-8B4A-11D0-8D11-00A0C91BC942}") = "InputTest", "InputTest\InputTest.vcxproj", "{9B05B864-631B-4A3B-A7E6-3A90E58672F9}"
EndProject
Project("{2150E333-8FDC-42A3-9474-1A3956D46DE8}") = "CH04", "CH04", "{A1F0F0DB-0127-4245-8101-C2481E3691C0}"
EndProject
Project("{8BC9CEB8-8B4A-11D0-8D11-00A0C91BC942}") = "DivideTest", "DivideTest\DivideTest.vcxproj", "{6A8EDF9C-63F1-4B2D-9C7C-C6A45BCA009F}"
EndProject
Project("{8BC9CEB8-8B4A-11D0-8D11-00A0C91BC942}") = "example03", "example03\example03.vcxproj", "{A5091302-AAA3-4BE4-A0A3-4734057CE59C}"
EndProject
Project("{8BC9CEB8-8B4A-11D0-8D11-00A0C91BC942}") = "Example Challenge", "Example Challenge\Example Challenge.vcxproj", "{BE2A02BE-3BD7-489F-A024-6942109591DA}"
EndProject
Project("{8BC9CEB8-8B4A-11D0-8D11-00A0C91BC942}") = "CastTest", "CastTest\CastTest.vcxproj", "{9D375500-D212-4085-B7AD-DE4CBF89C2B7}"
EndProject
Project("{8BC9CEB8-8B4A-11D0-8D11-00A0C91BC942}") = "SizeofTest", "SizeofTest\SizeofTest.vcxproj", "{B4CCC72C-B1C2-435A-BF05-FF8FC2645E78}"
EndProject
Project("{8BC9CEB8-8B4A-11D0-8D11-00A0C91BC942}") = "OpTestApp", "OpTestApp\OpTestApp.vcxproj", "{B325A5A2-698F-4C55-876B-FD5D87F85ACD}"
EndProject
Project("{2150E333-8FDC-42A3-9474-1A3956D46DE8}") = "CH05", "CH05", "{38FF7B5B-9EDA-4D74-AA8C-5A865C395E6B}"
EndProject
Project("{8BC9CEB8-8B4A-11D0-8D11-00A0C91BC942}") = "IfTestApp", "IfTestApp\IfTestApp.vcxproj", "{CE50FBC7-F80E-4BDA-863D-2982103786C2}"
EndProject
Project("{8BC9CEB8-8B4A-11D0-8D11-00A0C91BC942}") = "ChallengeTest(Calc)", "ChallengeTest(Calc)\ChallengeTest(Calc).vcxproj", "{B744B4AC-9DC9-44EB-878C-478A802092E2}"
EndProject
Project("{2150E333-8FDC-42A3-9474-1A3956D46DE8}") = "project", "project", "{A6FB97A8-DF5C-4444-8B57-A3ACF554D1AB}"
EndProject
Project("{8BC9CEB8-8B4A-11D0-8D11-00A0C91BC942}") = "file", "file\file.vcxproj", "{E7B97BE1-66FA-436A-8FFE-749D8CEE15A6}"
EndProject
Project("{8BC9CEB8-8B4A-11D0-8D11-00A0C91BC942}") = "cc", "cc\cc.vcxproj", "{4750213D-214C-4FAB-A5C6-CF71FFB2886E}"
EndProject
Project("{2150E333-8FDC-42A3-9474-1A3956D46DE8}") = "CH09", "CH09", "{198032A5-2940-4EC9-BCF7-C2B876F99AD7}"
EndProject
Project("{8BC9CEB8-8B4A-11D0-8D11-00A0C91BC942}") = "POINTER", "POINTER\POINTER.vcxproj", "{BF3A5BCA-F032-4EC0-8D74-5FEC8B2D7B6E}"
EndProject
Project("{2150E333-8FDC-42A3-9474-1A3956D46DE8}") = "parking", "parking", "{CDC93EED-4880-411B-B2B3-E0A8A39278E7}"
EndProject
Project("{8BC9CEB8-8B4A-11D0-8D11-00A0C91BC942}") = "parking", "parking\parking.vcxproj", "{F8223309-A1A8-412B-88BD-0CEA6F3131A2}"
EndProject
Project("{8BC9CEB8-8B4A-11D0-8D11-00A0C91BC942}") = "SwapTestApp", "SwapTestApp\SwapTestApp.vcxproj", "{25729DF5-8B63-4AF3-902F-EB98F4B95C91}"
EndProject
Project("{8BC9CEB8-8B4A-11D0-8D11-00A0C91BC942}") = "challeng", "challeng\challeng.vcxproj", "{D316EE58-E0B4-4528-80E7-408D76B14BFF}"
EndProject
Project("{2150E333-8FDC-42A3-9474-1A3956D46DE8}") = "CH10", "CH10", "{B1C117D1-5904-4C54-A4B8-2642050F6C8E}"
EndProject
Project("{8BC9CEB8-8B4A-11D0-8D11-00A0C91BC942}") = "ArrayTestApp", "ArrayTestApp\ArrayTestApp.vcxproj", "{A5684508-B372-4B9A-9916-B1109CF26E94}"
EndProject
Project("{2150E333-8FDC-42A3-9474-1A3956D46DE8}") = "score", "score", "{87669026-CC6F-4A1A-AC59-BBED8E5F107F}"
EndProject
Project("{8BC9CEB8-8B4A-11D0-8D11-00A0C91BC942}") = "score", "score\score.vcxproj", "{5622333B-6D19-4874-9DF0-91A1BBD4EB56}"
EndProject
Project("{8BC9CEB8-8B4A-11D0-8D11-00A0C91BC942}") = "FindMaxApp", "FindMaxApp\FindMaxApp.vcxproj", "{94028846-6FC8-4C68-BD3C-4BA812C0E49B}"
EndProject
Project("{8BC9CEB8-8B4A-11D0-8D11-00A0C91BC942}") = "n,m", "n,m\n,m.vcxproj", "{F3C17F87-D685-41C2-957B-EA82E4F73599}"
EndProject
Project("{2150E333-8FDC-42A3-9474-1A3956D46DE8}") = "CH11", "CH11", "{D11AC7CA-9EE0-4079-B6EC-A1780CED707A}"
EndProject
Project("{8BC9CEB8-8B4A-11D0-8D11-00A0C91BC942}") = "CharTestApp", "CharTestApp\CharTestApp.vcxproj", "{225510F0-53CC-4A90-97BF-E9B16A4E55B6}"
EndProject
Project("{8BC9CEB8-8B4A-11D0-8D11-00A0C91BC942}") = "ccc", "ccc\ccc.vcxproj", "{90453D27-4FB9-4AB1-904B-79720B3FE41B}"
EndProject
Project("{8BC9CEB8-8B4A-11D0-8D11-00A0C91BC942}") = "pro11", "pro11\pro11.vcxproj", "{34833F64-3240-46CF-823E-FF417A9BD99D}"
EndProject
Project("{8BC9CEB8-8B4A-11D0-8D11-00A0C91BC942}") = "ss", "ss\ss.vcxproj", "{5B5641C5-5A72-46BD-8627-FFB4406A165F}"
EndProject
Project("{2150E333-8FDC-42A3-9474-1A3956D46DE8}") = "CH14", "CH14", "{F2C14A25-DC03-4621-A52C-358DA9C8D878}"
EndProject
Project("{8BC9CEB8-8B4A-11D0-8D11-00A0C91BC942}") = "ArrayApp", "ArrayApp\ArrayApp.vcxproj", "{51B51BE1-FBC9-44AE-BF0E-88638E4871B8}"
EndProject
Project("{8BC9CEB8-8B4A-11D0-8D11-00A0C91BC942}") = "ThridArrApp", "ThridArrApp\ThridArrApp.vcxproj", "{6EC2B46D-5FB2-4AD9-BA90-8A8D106BB3A3}"
EndProject
Project("{8BC9CEB8-8B4A-11D0-8D11-00A0C91BC942}") = "StringPtrApp", "StringPtrApp\StringPtrApp.vcxproj", "{C3C9438D-C73D-471E-AECF-C4ECA8CA0623}"
EndProject
Project("{2150E333-8FDC-42A3-9474-1A3956D46DE8}") = "CH15", "CH15", "{F45F6BEE-0ADD-4CAF-9164-DC9C91E4ADBB}"
EndProject
Project("{8BC9CEB8-8B4A-11D0-8D11-00A0C91BC942}") = "PTRswapApp", "PTRswapApp\PTRswapApp.vcxproj", "{7A46E346-89C2-4432-B383-C33A1E94B77C}"
EndProject
Project("{2150E333-8FDC-42A3-9474-1A3956D46DE8}") = "algo", "algo", "{919EB72D-390E-405C-8449-2E47EE897C82}"
EndProject
Project("{8BC9CEB8-8B4A-11D0-8D11-00A0C91BC942}") = "2xn", "2xn\2xn.vcxproj", "{57345F99-51C7-49D3-83CF-26752B68D03F}"
EndProject
Project("{8BC9CEB8-8B4A-11D0-8D11-00A0C91BC942}") = "PtrFucApp", "PtrFucApp\PtrFucApp.vcxproj", "{BC708F5F-5CC4-4572-B7F9-3B4B13FEDF59}"
EndProject
Project("{8BC9CEB8-8B4A-11D0-8D11-00A0C91BC942}") = "PhoneBook", "PhoneBook\PhoneBook.vcxproj", "{EE9B03D4-5587-490A-BF9D-B9013D6E177E}"
EndProject
Project("{8BC9CEB8-8B4A-11D0-8D11-00A0C91BC942}") = "CTempRebuild1", "CTempRebuild1\CTempRebuild1.vcxproj", "{8065C1D8-D51E-4FF8-A4C2-2E5D3A24D788}"
EndProject
Project("{2150E333-8FDC-42A3-9474-1A3956D46DE8}") = "CH16", "CH16", "{BA61C09C-2890-45AC-B764-E1F3033945AD}"
EndProject
Project("{8BC9CEB8-8B4A-11D0-8D11-00A0C91BC942}") = "DynamicMemApp", "DynamicMemApp\DynamicMemApp.vcxproj", "{83CA46AF-D7DC-4F85-8E97-FA4A752F0F57}"
EndProject
Project("{8BC9CEB8-8B4A-11D0-8D11-00A0C91BC942}") = "DynamicStringApp", "DynamicStringApp\DynamicStringApp.vcxproj", "{D48D050C-81B4-4DB5-A6FD-8F9CBD8F41D9}"
EndProject
Project("{8BC9CEB8-8B4A-11D0-8D11-00A0C91BC942}") = "MAinArgApp", "MAinArgApp\MAinArgApp.vcxproj", "{073FB55C-BC8E-437C-BA1D-03E8B5FEEEB6}"
EndProject
Project("{2150E333-8FDC-42A3-9474-1A3956D46DE8}") = "communicate", "communicate", "{82B6B75C-4C4F-46F7-BC85-CD30221BA8F0}"
EndProject
Project("{8BC9CEB8-8B4A-11D0-8D11-00A0C91BC942}") = "server", "communicate\communicate.vcxproj", "{9C15D452-A35C-4F7C-A7D5-606F49DD3E90}"
EndProject
Project("{8BC9CEB8-8B4A-11D0-8D11-00A0C91BC942}") = "client", "client\client.vcxproj", "{759AFFE3-83B4-442B-8202-3EAED6348F94}"
EndProject
Project("{2150E333-8FDC-42A3-9474-1A3956D46DE8}") = "CH17", "CH17", "{0021DA81-5360-474C-8732-A3A9BADF6488}"
EndProject
Project("{8BC9CEB8-8B4A-11D0-8D11-00A0C91BC942}") = "SelfptrApp", "SelfptrApp\SelfptrApp.vcxproj", "{8D8DE8F6-1EF4-4A12-AAA5-C94AA5D95729}"
EndProject
Project("{8BC9CEB8-8B4A-11D0-8D11-00A0C91BC942}") = "UnionApp", "UnionApp\UnionApp.vcxproj", "{0C8F3A43-93B6-403C-9C81-8679B36AB04A}"
EndProject
Project("{2150E333-8FDC-42A3-9474-1A3956D46DE8}") = "CH18", "CH18", "{600F6C05-3A1C-4B2B-8BC0-01EC82FFC9BB}"
EndProject
Project("{8BC9CEB8-8B4A-11D0-8D11-00A0C91BC942}") = "FileTestApp", "FileTestApp\FileTestApp.vcxproj", "{7B3F4363-DC54-4157-98F7-C37479FC3837}"
EndProject
Project("{8BC9CEB8-8B4A-11D0-8D11-00A0C91BC942}") = "FileCopyApp", "FileCopyApp\FileCopyApp.vcxproj", "{1280DCC2-A9F0-48AC-9358-F4C52B344761}"
EndProject
Global
	GlobalSection(SolutionConfigurationPlatforms) = preSolution
		Debug|x64 = Debug|x64
		Debug|x86 = Debug|x86
		Release|x64 = Release|x64
		Release|x86 = Release|x86
	EndGlobalSection
	GlobalSection(ProjectConfigurationPlatforms) = postSolution
		{2E9DCEBC-AD74-4BE0-8E65-06E2DC5F4FBC}.Debug|x64.ActiveCfg = Debug|x64
		{2E9DCEBC-AD74-4BE0-8E65-06E2DC5F4FBC}.Debug|x64.Build.0 = Debug|x64
		{2E9DCEBC-AD74-4BE0-8E65-06E2DC5F4FBC}.Debug|x86.ActiveCfg = Debug|Win32
		{2E9DCEBC-AD74-4BE0-8E65-06E2DC5F4FBC}.Debug|x86.Build.0 = Debug|Win32
		{2E9DCEBC-AD74-4BE0-8E65-06E2DC5F4FBC}.Release|x64.ActiveCfg = Release|x64
		{2E9DCEBC-AD74-4BE0-8E65-06E2DC5F4FBC}.Release|x64.Build.0 = Release|x64
		{2E9DCEBC-AD74-4BE0-8E65-06E2DC5F4FBC}.Release|x86.ActiveCfg = Release|Win32
		{2E9DCEBC-AD74-4BE0-8E65-06E2DC5F4FBC}.Release|x86.Build.0 = Release|Win32
		{63CB68E0-22F6-42FC-A637-2CE213ED8B0A}.Debug|x64.ActiveCfg = Debug|x64
		{63CB68E0-22F6-42FC-A637-2CE213ED8B0A}.Debug|x64.Build.0 = Debug|x64
		{63CB68E0-22F6-42FC-A637-2CE213ED8B0A}.Debug|x86.ActiveCfg = Debug|Win32
		{63CB68E0-22F6-42FC-A637-2CE213ED8B0A}.Debug|x86.Build.0 = Debug|Win32
		{63CB68E0-22F6-42FC-A637-2CE213ED8B0A}.Release|x64.ActiveCfg = Release|x64
		{63CB68E0-22F6-42FC-A637-2CE213ED8B0A}.Release|x64.Build.0 = Release|x64
		{63CB68E0-22F6-42FC-A637-2CE213ED8B0A}.Release|x86.ActiveCfg = Release|Win32
		{63CB68E0-22F6-42FC-A637-2CE213ED8B0A}.Release|x86.Build.0 = Release|Win32
		{97B29421-EB5D-430F-B314-A97D9FD02DC2}.Debug|x64.ActiveCfg = Debug|x64
		{97B29421-EB5D-430F-B314-A97D9FD02DC2}.Debug|x64.Build.0 = Debug|x64
		{97B29421-EB5D-430F-B314-A97D9FD02DC2}.Debug|x86.ActiveCfg = Debug|Win32
		{97B29421-EB5D-430F-B314-A97D9FD02DC2}.Debug|x86.Build.0 = Debug|Win32
		{97B29421-EB5D-430F-B314-A97D9FD02DC2}.Release|x64.ActiveCfg = Release|x64
		{97B29421-EB5D-430F-B314-A97D9FD02DC2}.Release|x64.Build.0 = Release|x64
		{97B29421-EB5D-430F-B314-A97D9FD02DC2}.Release|x86.ActiveCfg = Release|Win32
		{97B29421-EB5D-430F-B314-A97D9FD02DC2}.Release|x86.Build.0 = Release|Win32
		{F4BD07B8-FF6E-4D9D-9691-05B6E68C7436}.Debug|x64.ActiveCfg = Debug|x64
		{F4BD07B8-FF6E-4D9D-9691-05B6E68C7436}.Debug|x64.Build.0 = Debug|x64
		{F4BD07B8-FF6E-4D9D-9691-05B6E68C7436}.Debug|x86.ActiveCfg = Debug|Win32
		{F4BD07B8-FF6E-4D9D-9691-05B6E68C7436}.Debug|x86.Build.0 = Debug|Win32
		{F4BD07B8-FF6E-4D9D-9691-05B6E68C7436}.Release|x64.ActiveCfg = Release|x64
		{F4BD07B8-FF6E-4D9D-9691-05B6E68C7436}.Release|x64.Build.0 = Release|x64
		{F4BD07B8-FF6E-4D9D-9691-05B6E68C7436}.Release|x86.ActiveCfg = Release|Win32
		{F4BD07B8-FF6E-4D9D-9691-05B6E68C7436}.Release|x86.Build.0 = Release|Win32
		{9B05B864-631B-4A3B-A7E6-3A90E58672F9}.Debug|x64.ActiveCfg = Debug|x64
		{9B05B864-631B-4A3B-A7E6-3A90E58672F9}.Debug|x64.Build.0 = Debug|x64
		{9B05B864-631B-4A3B-A7E6-3A90E58672F9}.Debug|x86.ActiveCfg = Debug|Win32
		{9B05B864-631B-4A3B-A7E6-3A90E58672F9}.Debug|x86.Build.0 = Debug|Win32
		{9B05B864-631B-4A3B-A7E6-3A90E58672F9}.Release|x64.ActiveCfg = Release|x64
		{9B05B864-631B-4A3B-A7E6-3A90E58672F9}.Release|x64.Build.0 = Release|x64
		{9B05B864-631B-4A3B-A7E6-3A90E58672F9}.Release|x86.ActiveCfg = Release|Win32
		{9B05B864-631B-4A3B-A7E6-3A90E58672F9}.Release|x86.Build.0 = Release|Win32
		{6A8EDF9C-63F1-4B2D-9C7C-C6A45BCA009F}.Debug|x64.ActiveCfg = Debug|x64
		{6A8EDF9C-63F1-4B2D-9C7C-C6A45BCA009F}.Debug|x64.Build.0 = Debug|x64
		{6A8EDF9C-63F1-4B2D-9C7C-C6A45BCA009F}.Debug|x86.ActiveCfg = Debug|Win32
		{6A8EDF9C-63F1-4B2D-9C7C-C6A45BCA009F}.Debug|x86.Build.0 = Debug|Win32
		{6A8EDF9C-63F1-4B2D-9C7C-C6A45BCA009F}.Release|x64.ActiveCfg = Release|x64
		{6A8EDF9C-63F1-4B2D-9C7C-C6A45BCA009F}.Release|x64.Build.0 = Release|x64
		{6A8EDF9C-63F1-4B2D-9C7C-C6A45BCA009F}.Release|x86.ActiveCfg = Release|Win32
		{6A8EDF9C-63F1-4B2D-9C7C-C6A45BCA009F}.Release|x86.Build.0 = Release|Win32
		{A5091302-AAA3-4BE4-A0A3-4734057CE59C}.Debug|x64.ActiveCfg = Debug|x64
		{A5091302-AAA3-4BE4-A0A3-4734057CE59C}.Debug|x64.Build.0 = Debug|x64
		{A5091302-AAA3-4BE4-A0A3-4734057CE59C}.Debug|x86.ActiveCfg = Debug|Win32
		{A5091302-AAA3-4BE4-A0A3-4734057CE59C}.Debug|x86.Build.0 = Debug|Win32
		{A5091302-AAA3-4BE4-A0A3-4734057CE59C}.Release|x64.ActiveCfg = Release|x64
		{A5091302-AAA3-4BE4-A0A3-4734057CE59C}.Release|x64.Build.0 = Release|x64
		{A5091302-AAA3-4BE4-A0A3-4734057CE59C}.Release|x86.ActiveCfg = Release|Win32
		{A5091302-AAA3-4BE4-A0A3-4734057CE59C}.Release|x86.Build.0 = Release|Win32
		{BE2A02BE-3BD7-489F-A024-6942109591DA}.Debug|x64.ActiveCfg = Debug|x64
		{BE2A02BE-3BD7-489F-A024-6942109591DA}.Debug|x64.Build.0 = Debug|x64
		{BE2A02BE-3BD7-489F-A024-6942109591DA}.Debug|x86.ActiveCfg = Debug|Win32
		{BE2A02BE-3BD7-489F-A024-6942109591DA}.Debug|x86.Build.0 = Debug|Win32
		{BE2A02BE-3BD7-489F-A024-6942109591DA}.Release|x64.ActiveCfg = Release|x64
		{BE2A02BE-3BD7-489F-A024-6942109591DA}.Release|x64.Build.0 = Release|x64
		{BE2A02BE-3BD7-489F-A024-6942109591DA}.Release|x86.ActiveCfg = Release|Win32
		{BE2A02BE-3BD7-489F-A024-6942109591DA}.Release|x86.Build.0 = Release|Win32
		{9D375500-D212-4085-B7AD-DE4CBF89C2B7}.Debug|x64.ActiveCfg = Debug|x64
		{9D375500-D212-4085-B7AD-DE4CBF89C2B7}.Debug|x64.Build.0 = Debug|x64
		{9D375500-D212-4085-B7AD-DE4CBF89C2B7}.Debug|x86.ActiveCfg = Debug|Win32
		{9D375500-D212-4085-B7AD-DE4CBF89C2B7}.Debug|x86.Build.0 = Debug|Win32
		{9D375500-D212-4085-B7AD-DE4CBF89C2B7}.Release|x64.ActiveCfg = Release|x64
		{9D375500-D212-4085-B7AD-DE4CBF89C2B7}.Release|x64.Build.0 = Release|x64
		{9D375500-D212-4085-B7AD-DE4CBF89C2B7}.Release|x86.ActiveCfg = Release|Win32
		{9D375500-D212-4085-B7AD-DE4CBF89C2B7}.Release|x86.Build.0 = Release|Win32
		{B4CCC72C-B1C2-435A-BF05-FF8FC2645E78}.Debug|x64.ActiveCfg = Debug|x64
		{B4CCC72C-B1C2-435A-BF05-FF8FC2645E78}.Debug|x64.Build.0 = Debug|x64
		{B4CCC72C-B1C2-435A-BF05-FF8FC2645E78}.Debug|x86.ActiveCfg = Debug|Win32
		{B4CCC72C-B1C2-435A-BF05-FF8FC2645E78}.Debug|x86.Build.0 = Debug|Win32
		{B4CCC72C-B1C2-435A-BF05-FF8FC2645E78}.Release|x64.ActiveCfg = Release|x64
		{B4CCC72C-B1C2-435A-BF05-FF8FC2645E78}.Release|x64.Build.0 = Release|x64
		{B4CCC72C-B1C2-435A-BF05-FF8FC2645E78}.Release|x86.ActiveCfg = Release|Win32
		{B4CCC72C-B1C2-435A-BF05-FF8FC2645E78}.Release|x86.Build.0 = Release|Win32
		{B325A5A2-698F-4C55-876B-FD5D87F85ACD}.Debug|x64.ActiveCfg = Debug|x64
		{B325A5A2-698F-4C55-876B-FD5D87F85ACD}.Debug|x64.Build.0 = Debug|x64
		{B325A5A2-698F-4C55-876B-FD5D87F85ACD}.Debug|x86.ActiveCfg = Debug|Win32
		{B325A5A2-698F-4C55-876B-FD5D87F85ACD}.Debug|x86.Build.0 = Debug|Win32
		{B325A5A2-698F-4C55-876B-FD5D87F85ACD}.Release|x64.ActiveCfg = Release|x64
		{B325A5A2-698F-4C55-876B-FD5D87F85ACD}.Release|x64.Build.0 = Release|x64
		{B325A5A2-698F-4C55-876B-FD5D87F85ACD}.Release|x86.ActiveCfg = Release|Win32
		{B325A5A2-698F-4C55-876B-FD5D87F85ACD}.Release|x86.Build.0 = Release|Win32
		{CE50FBC7-F80E-4BDA-863D-2982103786C2}.Debug|x64.ActiveCfg = Debug|x64
		{CE50FBC7-F80E-4BDA-863D-2982103786C2}.Debug|x64.Build.0 = Debug|x64
		{CE50FBC7-F80E-4BDA-863D-2982103786C2}.Debug|x86.ActiveCfg = Debug|Win32
		{CE50FBC7-F80E-4BDA-863D-2982103786C2}.Debug|x86.Build.0 = Debug|Win32
		{CE50FBC7-F80E-4BDA-863D-2982103786C2}.Release|x64.ActiveCfg = Release|x64
		{CE50FBC7-F80E-4BDA-863D-2982103786C2}.Release|x64.Build.0 = Release|x64
		{CE50FBC7-F80E-4BDA-863D-2982103786C2}.Release|x86.ActiveCfg = Release|Win32
		{CE50FBC7-F80E-4BDA-863D-2982103786C2}.Release|x86.Build.0 = Release|Win32
		{B744B4AC-9DC9-44EB-878C-478A802092E2}.Debug|x64.ActiveCfg = Debug|x64
		{B744B4AC-9DC9-44EB-878C-478A802092E2}.Debug|x64.Build.0 = Debug|x64
		{B744B4AC-9DC9-44EB-878C-478A802092E2}.Debug|x86.ActiveCfg = Debug|Win32
		{B744B4AC-9DC9-44EB-878C-478A802092E2}.Debug|x86.Build.0 = Debug|Win32
		{B744B4AC-9DC9-44EB-878C-478A802092E2}.Release|x64.ActiveCfg = Release|x64
		{B744B4AC-9DC9-44EB-878C-478A802092E2}.Release|x64.Build.0 = Release|x64
		{B744B4AC-9DC9-44EB-878C-478A802092E2}.Release|x86.ActiveCfg = Release|Win32
		{B744B4AC-9DC9-44EB-878C-478A802092E2}.Release|x86.Build.0 = Release|Win32
		{E7B97BE1-66FA-436A-8FFE-749D8CEE15A6}.Debug|x64.ActiveCfg = Debug|x64
		{E7B97BE1-66FA-436A-8FFE-749D8CEE15A6}.Debug|x64.Build.0 = Debug|x64
		{E7B97BE1-66FA-436A-8FFE-749D8CEE15A6}.Debug|x86.ActiveCfg = Debug|Win32
		{E7B97BE1-66FA-436A-8FFE-749D8CEE15A6}.Debug|x86.Build.0 = Debug|Win32
		{E7B97BE1-66FA-436A-8FFE-749D8CEE15A6}.Release|x64.ActiveCfg = Release|x64
		{E7B97BE1-66FA-436A-8FFE-749D8CEE15A6}.Release|x64.Build.0 = Release|x64
		{E7B97BE1-66FA-436A-8FFE-749D8CEE15A6}.Release|x86.ActiveCfg = Release|Win32
		{E7B97BE1-66FA-436A-8FFE-749D8CEE15A6}.Release|x86.Build.0 = Release|Win32
		{4750213D-214C-4FAB-A5C6-CF71FFB2886E}.Debug|x64.ActiveCfg = Debug|x64
		{4750213D-214C-4FAB-A5C6-CF71FFB2886E}.Debug|x64.Build.0 = Debug|x64
		{4750213D-214C-4FAB-A5C6-CF71FFB2886E}.Debug|x86.ActiveCfg = Debug|Win32
		{4750213D-214C-4FAB-A5C6-CF71FFB2886E}.Debug|x86.Build.0 = Debug|Win32
		{4750213D-214C-4FAB-A5C6-CF71FFB2886E}.Release|x64.ActiveCfg = Release|x64
		{4750213D-214C-4FAB-A5C6-CF71FFB2886E}.Release|x64.Build.0 = Release|x64
		{4750213D-214C-4FAB-A5C6-CF71FFB2886E}.Release|x86.ActiveCfg = Release|Win32
		{4750213D-214C-4FAB-A5C6-CF71FFB2886E}.Release|x86.Build.0 = Release|Win32
		{BF3A5BCA-F032-4EC0-8D74-5FEC8B2D7B6E}.Debug|x64.ActiveCfg = Debug|x64
		{BF3A5BCA-F032-4EC0-8D74-5FEC8B2D7B6E}.Debug|x64.Build.0 = Debug|x64
		{BF3A5BCA-F032-4EC0-8D74-5FEC8B2D7B6E}.Debug|x86.ActiveCfg = Debug|Win32
		{BF3A5BCA-F032-4EC0-8D74-5FEC8B2D7B6E}.Debug|x86.Build.0 = Debug|Win32
		{BF3A5BCA-F032-4EC0-8D74-5FEC8B2D7B6E}.Release|x64.ActiveCfg = Release|x64
		{BF3A5BCA-F032-4EC0-8D74-5FEC8B2D7B6E}.Release|x64.Build.0 = Release|x64
		{BF3A5BCA-F032-4EC0-8D74-5FEC8B2D7B6E}.Release|x86.ActiveCfg = Release|Win32
		{BF3A5BCA-F032-4EC0-8D74-5FEC8B2D7B6E}.Release|x86.Build.0 = Release|Win32
		{F8223309-A1A8-412B-88BD-0CEA6F3131A2}.Debug|x64.ActiveCfg = Debug|x64
		{F8223309-A1A8-412B-88BD-0CEA6F3131A2}.Debug|x64.Build.0 = Debug|x64
		{F8223309-A1A8-412B-88BD-0CEA6F3131A2}.Debug|x86.ActiveCfg = Debug|Win32
		{F8223309-A1A8-412B-88BD-0CEA6F3131A2}.Debug|x86.Build.0 = Debug|Win32
		{F8223309-A1A8-412B-88BD-0CEA6F3131A2}.Release|x64.ActiveCfg = Release|x64
		{F8223309-A1A8-412B-88BD-0CEA6F3131A2}.Release|x64.Build.0 = Release|x64
		{F8223309-A1A8-412B-88BD-0CEA6F3131A2}.Release|x86.ActiveCfg = Release|Win32
		{F8223309-A1A8-412B-88BD-0CEA6F3131A2}.Release|x86.Build.0 = Release|Win32
		{25729DF5-8B63-4AF3-902F-EB98F4B95C91}.Debug|x64.ActiveCfg = Debug|x64
		{25729DF5-8B63-4AF3-902F-EB98F4B95C91}.Debug|x64.Build.0 = Debug|x64
		{25729DF5-8B63-4AF3-902F-EB98F4B95C91}.Debug|x86.ActiveCfg = Debug|Win32
		{25729DF5-8B63-4AF3-902F-EB98F4B95C91}.Debug|x86.Build.0 = Debug|Win32
		{25729DF5-8B63-4AF3-902F-EB98F4B95C91}.Release|x64.ActiveCfg = Release|x64
		{25729DF5-8B63-4AF3-902F-EB98F4B95C91}.Release|x64.Build.0 = Release|x64
		{25729DF5-8B63-4AF3-902F-EB98F4B95C91}.Release|x86.ActiveCfg = Release|Win32
		{25729DF5-8B63-4AF3-902F-EB98F4B95C91}.Release|x86.Build.0 = Release|Win32
		{D316EE58-E0B4-4528-80E7-408D76B14BFF}.Debug|x64.ActiveCfg = Debug|x64
		{D316EE58-E0B4-4528-80E7-408D76B14BFF}.Debug|x64.Build.0 = Debug|x64
		{D316EE58-E0B4-4528-80E7-408D76B14BFF}.Debug|x86.ActiveCfg = Debug|Win32
		{D316EE58-E0B4-4528-80E7-408D76B14BFF}.Debug|x86.Build.0 = Debug|Win32
		{D316EE58-E0B4-4528-80E7-408D76B14BFF}.Release|x64.ActiveCfg = Release|x64
		{D316EE58-E0B4-4528-80E7-408D76B14BFF}.Release|x64.Build.0 = Release|x64
		{D316EE58-E0B4-4528-80E7-408D76B14BFF}.Release|x86.ActiveCfg = Release|Win32
		{D316EE58-E0B4-4528-80E7-408D76B14BFF}.Release|x86.Build.0 = Release|Win32
		{A5684508-B372-4B9A-9916-B1109CF26E94}.Debug|x64.ActiveCfg = Debug|x64
		{A5684508-B372-4B9A-9916-B1109CF26E94}.Debug|x64.Build.0 = Debug|x64
		{A5684508-B372-4B9A-9916-B1109CF26E94}.Debug|x86.ActiveCfg = Debug|Win32
		{A5684508-B372-4B9A-9916-B1109CF26E94}.Debug|x86.Build.0 = Debug|Win32
		{A5684508-B372-4B9A-9916-B1109CF26E94}.Release|x64.ActiveCfg = Release|x64
		{A5684508-B372-4B9A-9916-B1109CF26E94}.Release|x64.Build.0 = Release|x64
		{A5684508-B372-4B9A-9916-B1109CF26E94}.Release|x86.ActiveCfg = Release|Win32
		{A5684508-B372-4B9A-9916-B1109CF26E94}.Release|x86.Build.0 = Release|Win32
		{5622333B-6D19-4874-9DF0-91A1BBD4EB56}.Debug|x64.ActiveCfg = Debug|x64
		{5622333B-6D19-4874-9DF0-91A1BBD4EB56}.Debug|x64.Build.0 = Debug|x64
		{5622333B-6D19-4874-9DF0-91A1BBD4EB56}.Debug|x86.ActiveCfg = Debug|Win32
		{5622333B-6D19-4874-9DF0-91A1BBD4EB56}.Debug|x86.Build.0 = Debug|Win32
		{5622333B-6D19-4874-9DF0-91A1BBD4EB56}.Release|x64.ActiveCfg = Release|x64
		{5622333B-6D19-4874-9DF0-91A1BBD4EB56}.Release|x64.Build.0 = Release|x64
		{5622333B-6D19-4874-9DF0-91A1BBD4EB56}.Release|x86.ActiveCfg = Release|Win32
		{5622333B-6D19-4874-9DF0-91A1BBD4EB56}.Release|x86.Build.0 = Release|Win32
		{94028846-6FC8-4C68-BD3C-4BA812C0E49B}.Debug|x64.ActiveCfg = Debug|x64
		{94028846-6FC8-4C68-BD3C-4BA812C0E49B}.Debug|x64.Build.0 = Debug|x64
		{94028846-6FC8-4C68-BD3C-4BA812C0E49B}.Debug|x86.ActiveCfg = Debug|Win32
		{94028846-6FC8-4C68-BD3C-4BA812C0E49B}.Debug|x86.Build.0 = Debug|Win32
		{94028846-6FC8-4C68-BD3C-4BA812C0E49B}.Release|x64.ActiveCfg = Release|x64
		{94028846-6FC8-4C68-BD3C-4BA812C0E49B}.Release|x64.Build.0 = Release|x64
		{94028846-6FC8-4C68-BD3C-4BA812C0E49B}.Release|x86.ActiveCfg = Release|Win32
		{94028846-6FC8-4C68-BD3C-4BA812C0E49B}.Release|x86.Build.0 = Release|Win32
		{F3C17F87-D685-41C2-957B-EA82E4F73599}.Debug|x64.ActiveCfg = Debug|x64
		{F3C17F87-D685-41C2-957B-EA82E4F73599}.Debug|x64.Build.0 = Debug|x64
		{F3C17F87-D685-41C2-957B-EA82E4F73599}.Debug|x86.ActiveCfg = Debug|Win32
		{F3C17F87-D685-41C2-957B-EA82E4F73599}.Debug|x86.Build.0 = Debug|Win32
		{F3C17F87-D685-41C2-957B-EA82E4F73599}.Release|x64.ActiveCfg = Release|x64
		{F3C17F87-D685-41C2-957B-EA82E4F73599}.Release|x64.Build.0 = Release|x64
		{F3C17F87-D685-41C2-957B-EA82E4F73599}.Release|x86.ActiveCfg = Release|Win32
		{F3C17F87-D685-41C2-957B-EA82E4F73599}.Release|x86.Build.0 = Release|Win32
		{225510F0-53CC-4A90-97BF-E9B16A4E55B6}.Debug|x64.ActiveCfg = Debug|x64
		{225510F0-53CC-4A90-97BF-E9B16A4E55B6}.Debug|x64.Build.0 = Debug|x64
		{225510F0-53CC-4A90-97BF-E9B16A4E55B6}.Debug|x86.ActiveCfg = Debug|Win32
		{225510F0-53CC-4A90-97BF-E9B16A4E55B6}.Debug|x86.Build.0 = Debug|Win32
		{225510F0-53CC-4A90-97BF-E9B16A4E55B6}.Release|x64.ActiveCfg = Release|x64
		{225510F0-53CC-4A90-97BF-E9B16A4E55B6}.Release|x64.Build.0 = Release|x64
		{225510F0-53CC-4A90-97BF-E9B16A4E55B6}.Release|x86.ActiveCfg = Release|Win32
		{225510F0-53CC-4A90-97BF-E9B16A4E55B6}.Release|x86.Build.0 = Release|Win32
		{90453D27-4FB9-4AB1-904B-79720B3FE41B}.Debug|x64.ActiveCfg = Debug|x64
		{90453D27-4FB9-4AB1-904B-79720B3FE41B}.Debug|x64.Build.0 = Debug|x64
		{90453D27-4FB9-4AB1-904B-79720B3FE41B}.Debug|x86.ActiveCfg = Debug|Win32
		{90453D27-4FB9-4AB1-904B-79720B3FE41B}.Debug|x86.Build.0 = Debug|Win32
		{90453D27-4FB9-4AB1-904B-79720B3FE41B}.Release|x64.ActiveCfg = Release|x64
		{90453D27-4FB9-4AB1-904B-79720B3FE41B}.Release|x64.Build.0 = Release|x64
		{90453D27-4FB9-4AB1-904B-79720B3FE41B}.Release|x86.ActiveCfg = Release|Win32
		{90453D27-4FB9-4AB1-904B-79720B3FE41B}.Release|x86.Build.0 = Release|Win32
		{34833F64-3240-46CF-823E-FF417A9BD99D}.Debug|x64.ActiveCfg = Debug|x64
		{34833F64-3240-46CF-823E-FF417A9BD99D}.Debug|x64.Build.0 = Debug|x64
		{34833F64-3240-46CF-823E-FF417A9BD99D}.Debug|x86.ActiveCfg = Debug|Win32
		{34833F64-3240-46CF-823E-FF417A9BD99D}.Debug|x86.Build.0 = Debug|Win32
		{34833F64-3240-46CF-823E-FF417A9BD99D}.Release|x64.ActiveCfg = Release|x64
		{34833F64-3240-46CF-823E-FF417A9BD99D}.Release|x64.Build.0 = Release|x64
		{34833F64-3240-46CF-823E-FF417A9BD99D}.Release|x86.ActiveCfg = Release|Win32
		{34833F64-3240-46CF-823E-FF417A9BD99D}.Release|x86.Build.0 = Release|Win32
		{5B5641C5-5A72-46BD-8627-FFB4406A165F}.Debug|x64.ActiveCfg = Debug|x64
		{5B5641C5-5A72-46BD-8627-FFB4406A165F}.Debug|x64.Build.0 = Debug|x64
		{5B5641C5-5A72-46BD-8627-FFB4406A165F}.Debug|x86.ActiveCfg = Debug|Win32
		{5B5641C5-5A72-46BD-8627-FFB4406A165F}.Debug|x86.Build.0 = Debug|Win32
		{5B5641C5-5A72-46BD-8627-FFB4406A165F}.Release|x64.ActiveCfg = Release|x64
		{5B5641C5-5A72-46BD-8627-FFB4406A165F}.Release|x64.Build.0 = Release|x64
		{5B5641C5-5A72-46BD-8627-FFB4406A165F}.Release|x86.ActiveCfg = Release|Win32
		{5B5641C5-5A72-46BD-8627-FFB4406A165F}.Release|x86.Build.0 = Release|Win32
		{51B51BE1-FBC9-44AE-BF0E-88638E4871B8}.Debug|x64.ActiveCfg = Debug|x64
		{51B51BE1-FBC9-44AE-BF0E-88638E4871B8}.Debug|x64.Build.0 = Debug|x64
		{51B51BE1-FBC9-44AE-BF0E-88638E4871B8}.Debug|x86.ActiveCfg = Debug|Win32
		{51B51BE1-FBC9-44AE-BF0E-88638E4871B8}.Debug|x86.Build.0 = Debug|Win32
		{51B51BE1-FBC9-44AE-BF0E-88638E4871B8}.Release|x64.ActiveCfg = Release|x64
		{51B51BE1-FBC9-44AE-BF0E-88638E4871B8}.Release|x64.Build.0 = Release|x64
		{51B51BE1-FBC9-44AE-BF0E-88638E4871B8}.Release|x86.ActiveCfg = Release|Win32
		{51B51BE1-FBC9-44AE-BF0E-88638E4871B8}.Release|x86.Build.0 = Release|Win32
		{6EC2B46D-5FB2-4AD9-BA90-8A8D106BB3A3}.Debug|x64.ActiveCfg = Debug|x64
		{6EC2B46D-5FB2-4AD9-BA90-8A8D106BB3A3}.Debug|x64.Build.0 = Debug|x64
		{6EC2B46D-5FB2-4AD9-BA90-8A8D106BB3A3}.Debug|x86.ActiveCfg = Debug|Win32
		{6EC2B46D-5FB2-4AD9-BA90-8A8D106BB3A3}.Debug|x86.Build.0 = Debug|Win32
		{6EC2B46D-5FB2-4AD9-BA90-8A8D106BB3A3}.Release|x64.ActiveCfg = Release|x64
		{6EC2B46D-5FB2-4AD9-BA90-8A8D106BB3A3}.Release|x64.Build.0 = Release|x64
		{6EC2B46D-5FB2-4AD9-BA90-8A8D106BB3A3}.Release|x86.ActiveCfg = Release|Win32
		{6EC2B46D-5FB2-4AD9-BA90-8A8D106BB3A3}.Release|x86.Build.0 = Release|Win32
		{C3C9438D-C73D-471E-AECF-C4ECA8CA0623}.Debug|x64.ActiveCfg = Debug|x64
		{C3C9438D-C73D-471E-AECF-C4ECA8CA0623}.Debug|x64.Build.0 = Debug|x64
		{C3C9438D-C73D-471E-AECF-C4ECA8CA0623}.Debug|x86.ActiveCfg = Debug|Win32
		{C3C9438D-C73D-471E-AECF-C4ECA8CA0623}.Debug|x86.Build.0 = Debug|Win32
		{C3C9438D-C73D-471E-AECF-C4ECA8CA0623}.Release|x64.ActiveCfg = Release|x64
		{C3C9438D-C73D-471E-AECF-C4ECA8CA0623}.Release|x64.Build.0 = Release|x64
		{C3C9438D-C73D-471E-AECF-C4ECA8CA0623}.Release|x86.ActiveCfg = Release|Win32
		{C3C9438D-C73D-471E-AECF-C4ECA8CA0623}.Release|x86.Build.0 = Release|Win32
		{7A46E346-89C2-4432-B383-C33A1E94B77C}.Debug|x64.ActiveCfg = Debug|x64
		{7A46E346-89C2-4432-B383-C33A1E94B77C}.Debug|x64.Build.0 = Debug|x64
		{7A46E346-89C2-4432-B383-C33A1E94B77C}.Debug|x86.ActiveCfg = Debug|Win32
		{7A46E346-89C2-4432-B383-C33A1E94B77C}.Debug|x86.Build.0 = Debug|Win32
		{7A46E346-89C2-4432-B383-C33A1E94B77C}.Release|x64.ActiveCfg = Release|x64
		{7A46E346-89C2-4432-B383-C33A1E94B77C}.Release|x64.Build.0 = Release|x64
		{7A46E346-89C2-4432-B383-C33A1E94B77C}.Release|x86.ActiveCfg = Release|Win32
		{7A46E346-89C2-4432-B383-C33A1E94B77C}.Release|x86.Build.0 = Release|Win32
		{57345F99-51C7-49D3-83CF-26752B68D03F}.Debug|x64.ActiveCfg = Debug|x64
		{57345F99-51C7-49D3-83CF-26752B68D03F}.Debug|x64.Build.0 = Debug|x64
		{57345F99-51C7-49D3-83CF-26752B68D03F}.Debug|x86.ActiveCfg = Debug|Win32
		{57345F99-51C7-49D3-83CF-26752B68D03F}.Debug|x86.Build.0 = Debug|Win32
		{57345F99-51C7-49D3-83CF-26752B68D03F}.Release|x64.ActiveCfg = Release|x64
		{57345F99-51C7-49D3-83CF-26752B68D03F}.Release|x64.Build.0 = Release|x64
		{57345F99-51C7-49D3-83CF-26752B68D03F}.Release|x86.ActiveCfg = Release|Win32
		{57345F99-51C7-49D3-83CF-26752B68D03F}.Release|x86.Build.0 = Release|Win32
		{BC708F5F-5CC4-4572-B7F9-3B4B13FEDF59}.Debug|x64.ActiveCfg = Debug|x64
		{BC708F5F-5CC4-4572-B7F9-3B4B13FEDF59}.Debug|x64.Build.0 = Debug|x64
		{BC708F5F-5CC4-4572-B7F9-3B4B13FEDF59}.Debug|x86.ActiveCfg = Debug|Win32
		{BC708F5F-5CC4-4572-B7F9-3B4B13FEDF59}.Debug|x86.Build.0 = Debug|Win32
		{BC708F5F-5CC4-4572-B7F9-3B4B13FEDF59}.Release|x64.ActiveCfg = Release|x64
		{BC708F5F-5CC4-4572-B7F9-3B4B13FEDF59}.Release|x64.Build.0 = Release|x64
		{BC708F5F-5CC4-4572-B7F9-3B4B13FEDF59}.Release|x86.ActiveCfg = Release|Win32
		{BC708F5F-5CC4-4572-B7F9-3B4B13FEDF59}.Release|x86.Build.0 = Release|Win32
		{EE9B03D4-5587-490A-BF9D-B9013D6E177E}.Debug|x64.ActiveCfg = Debug|x64
		{EE9B03D4-5587-490A-BF9D-B9013D6E177E}.Debug|x64.Build.0 = Debug|x64
		{EE9B03D4-5587-490A-BF9D-B9013D6E177E}.Debug|x86.ActiveCfg = Debug|Win32
		{EE9B03D4-5587-490A-BF9D-B9013D6E177E}.Debug|x86.Build.0 = Debug|Win32
		{EE9B03D4-5587-490A-BF9D-B9013D6E177E}.Release|x64.ActiveCfg = Release|x64
		{EE9B03D4-5587-490A-BF9D-B9013D6E177E}.Release|x64.Build.0 = Release|x64
		{EE9B03D4-5587-490A-BF9D-B9013D6E177E}.Release|x86.ActiveCfg = Release|Win32
		{EE9B03D4-5587-490A-BF9D-B9013D6E177E}.Release|x86.Build.0 = Release|Win32
		{8065C1D8-D51E-4FF8-A4C2-2E5D3A24D788}.Debug|x64.ActiveCfg = Debug|x64
		{8065C1D8-D51E-4FF8-A4C2-2E5D3A24D788}.Debug|x64.Build.0 = Debug|x64
		{8065C1D8-D51E-4FF8-A4C2-2E5D3A24D788}.Debug|x86.ActiveCfg = Debug|Win32
		{8065C1D8-D51E-4FF8-A4C2-2E5D3A24D788}.Debug|x86.Build.0 = Debug|Win32
		{8065C1D8-D51E-4FF8-A4C2-2E5D3A24D788}.Release|x64.ActiveCfg = Release|x64
		{8065C1D8-D51E-4FF8-A4C2-2E5D3A24D788}.Release|x64.Build.0 = Release|x64
		{8065C1D8-D51E-4FF8-A4C2-2E5D3A24D788}.Release|x86.ActiveCfg = Release|Win32
		{8065C1D8-D51E-4FF8-A4C2-2E5D3A24D788}.Release|x86.Build.0 = Release|Win32
		{83CA46AF-D7DC-4F85-8E97-FA4A752F0F57}.Debug|x64.ActiveCfg = Debug|x64
		{83CA46AF-D7DC-4F85-8E97-FA4A752F0F57}.Debug|x64.Build.0 = Debug|x64
		{83CA46AF-D7DC-4F85-8E97-FA4A752F0F57}.Debug|x86.ActiveCfg = Debug|Win32
		{83CA46AF-D7DC-4F85-8E97-FA4A752F0F57}.Debug|x86.Build.0 = Debug|Win32
		{83CA46AF-D7DC-4F85-8E97-FA4A752F0F57}.Release|x64.ActiveCfg = Release|x64
		{83CA46AF-D7DC-4F85-8E97-FA4A752F0F57}.Release|x64.Build.0 = Release|x64
		{83CA46AF-D7DC-4F85-8E97-FA4A752F0F57}.Release|x86.ActiveCfg = Release|Win32
		{83CA46AF-D7DC-4F85-8E97-FA4A752F0F57}.Release|x86.Build.0 = Release|Win32
		{D48D050C-81B4-4DB5-A6FD-8F9CBD8F41D9}.Debug|x64.ActiveCfg = Debug|x64
		{D48D050C-81B4-4DB5-A6FD-8F9CBD8F41D9}.Debug|x64.Build.0 = Debug|x64
		{D48D050C-81B4-4DB5-A6FD-8F9CBD8F41D9}.Debug|x86.ActiveCfg = Debug|Win32
		{D48D050C-81B4-4DB5-A6FD-8F9CBD8F41D9}.Debug|x86.Build.0 = Debug|Win32
		{D48D050C-81B4-4DB5-A6FD-8F9CBD8F41D9}.Release|x64.ActiveCfg = Release|x64
		{D48D050C-81B4-4DB5-A6FD-8F9CBD8F41D9}.Release|x64.Build.0 = Release|x64
		{D48D050C-81B4-4DB5-A6FD-8F9CBD8F41D9}.Release|x86.ActiveCfg = Release|Win32
		{D48D050C-81B4-4DB5-A6FD-8F9CBD8F41D9}.Release|x86.Build.0 = Release|Win32
		{073FB55C-BC8E-437C-BA1D-03E8B5FEEEB6}.Debug|x64.ActiveCfg = Debug|x64
		{073FB55C-BC8E-437C-BA1D-03E8B5FEEEB6}.Debug|x64.Build.0 = Debug|x64
		{073FB55C-BC8E-437C-BA1D-03E8B5FEEEB6}.Debug|x86.ActiveCfg = Debug|Win32
		{073FB55C-BC8E-437C-BA1D-03E8B5FEEEB6}.Debug|x86.Build.0 = Debug|Win32
		{073FB55C-BC8E-437C-BA1D-03E8B5FEEEB6}.Release|x64.ActiveCfg = Release|x64
		{073FB55C-BC8E-437C-BA1D-03E8B5FEEEB6}.Release|x64.Build.0 = Release|x64
		{073FB55C-BC8E-437C-BA1D-03E8B5FEEEB6}.Release|x86.ActiveCfg = Release|Win32
		{073FB55C-BC8E-437C-BA1D-03E8B5FEEEB6}.Release|x86.Build.0 = Release|Win32
		{9C15D452-A35C-4F7C-A7D5-606F49DD3E90}.Debug|x64.ActiveCfg = Debug|x64
		{9C15D452-A35C-4F7C-A7D5-606F49DD3E90}.Debug|x64.Build.0 = Debug|x64
		{9C15D452-A35C-4F7C-A7D5-606F49DD3E90}.Debug|x86.ActiveCfg = Debug|Win32
		{9C15D452-A35C-4F7C-A7D5-606F49DD3E90}.Debug|x86.Build.0 = Debug|Win32
		{9C15D452-A35C-4F7C-A7D5-606F49DD3E90}.Release|x64.ActiveCfg = Release|x64
		{9C15D452-A35C-4F7C-A7D5-606F49DD3E90}.Release|x64.Build.0 = Release|x64
		{9C15D452-A35C-4F7C-A7D5-606F49DD3E90}.Release|x86.ActiveCfg = Release|Win32
		{9C15D452-A35C-4F7C-A7D5-606F49DD3E90}.Release|x86.Build.0 = Release|Win32
		{759AFFE3-83B4-442B-8202-3EAED6348F94}.Debug|x64.ActiveCfg = Debug|x64
		{759AFFE3-83B4-442B-8202-3EAED6348F94}.Debug|x64.Build.0 = Debug|x64
		{759AFFE3-83B4-442B-8202-3EAED6348F94}.Debug|x86.ActiveCfg = Debug|Win32
		{759AFFE3-83B4-442B-8202-3EAED6348F94}.Debug|x86.Build.0 = Debug|Win32
		{759AFFE3-83B4-442B-8202-3EAED6348F94}.Release|x64.ActiveCfg = Release|x64
		{759AFFE3-83B4-442B-8202-3EAED6348F94}.Release|x64.Build.0 = Release|x64
		{759AFFE3-83B4-442B-8202-3EAED6348F94}.Release|x86.ActiveCfg = Release|Win32
		{759AFFE3-83B4-442B-8202-3EAED6348F94}.Release|x86.Build.0 = Release|Win32
		{8D8DE8F6-1EF4-4A12-AAA5-C94AA5D95729}.Debug|x64.ActiveCfg = Debug|x64
		{8D8DE8F6-1EF4-4A12-AAA5-C94AA5D95729}.Debug|x64.Build.0 = Debug|x64
		{8D8DE8F6-1EF4-4A12-AAA5-C94AA5D95729}.Debug|x86.ActiveCfg = Debug|Win32
		{8D8DE8F6-1EF4-4A12-AAA5-C94AA5D95729}.Debug|x86.Build.0 = Debug|Win32
		{8D8DE8F6-1EF4-4A12-AAA5-C94AA5D95729}.Release|x64.ActiveCfg = Release|x64
		{8D8DE8F6-1EF4-4A12-AAA5-C94AA5D95729}.Release|x64.Build.0 = Release|x64
		{8D8DE8F6-1EF4-4A12-AAA5-C94AA5D95729}.Release|x86.ActiveCfg = Release|Win32
		{8D8DE8F6-1EF4-4A12-AAA5-C94AA5D95729}.Release|x86.Build.0 = Release|Win32
		{0C8F3A43-93B6-403C-9C81-8679B36AB04A}.Debug|x64.ActiveCfg = Debug|x64
		{0C8F3A43-93B6-403C-9C81-8679B36AB04A}.Debug|x64.Build.0 = Debug|x64
		{0C8F3A43-93B6-403C-9C81-8679B36AB04A}.Debug|x86.ActiveCfg = Debug|Win32
		{0C8F3A43-93B6-403C-9C81-8679B36AB04A}.Debug|x86.Build.0 = Debug|Win32
		{0C8F3A43-93B6-403C-9C81-8679B36AB04A}.Release|x64.ActiveCfg = Release|x64
		{0C8F3A43-93B6-403C-9C81-8679B36AB04A}.Release|x64.Build.0 = Release|x64
		{0C8F3A43-93B6-403C-9C81-8679B36AB04A}.Release|x86.ActiveCfg = Release|Win32
		{0C8F3A43-93B6-403C-9C81-8679B36AB04A}.Release|x86.Build.0 = Release|Win32
		{7B3F4363-DC54-4157-98F7-C37479FC3837}.Debug|x64.ActiveCfg = Debug|x64
		{7B3F4363-DC54-4157-98F7-C37479FC3837}.Debug|x64.Build.0 = Debug|x64
		{7B3F4363-DC54-4157-98F7-C37479FC3837}.Debug|x86.ActiveCfg = Debug|Win32
		{7B3F4363-DC54-4157-98F7-C37479FC3837}.Debug|x86.Build.0 = Debug|Win32
		{7B3F4363-DC54-4157-98F7-C37479FC3837}.Release|x64.ActiveCfg = Release|x64
		{7B3F4363-DC54-4157-98F7-C37479FC3837}.Release|x64.Build.0 = Release|x64
		{7B3F4363-DC54-4157-98F7-C37479FC3837}.Release|x86.ActiveCfg = Release|Win32
		{7B3F4363-DC54-4157-98F7-C37479FC3837}.Release|x86.Build.0 = Release|Win32
		{1280DCC2-A9F0-48AC-9358-F4C52B344761}.Debug|x64.ActiveCfg = Debug|x64
		{1280DCC2-A9F0-48AC-9358-F4C52B344761}.Debug|x64.Build.0 = Debug|x64
		{1280DCC2-A9F0-48AC-9358-F4C52B344761}.Debug|x86.ActiveCfg = Debug|Win32
		{1280DCC2-A9F0-48AC-9358-F4C52B344761}.Debug|x86.Build.0 = Debug|Win32
		{1280DCC2-A9F0-48AC-9358-F4C52B344761}.Release|x64.ActiveCfg = Release|x64
		{1280DCC2-A9F0-48AC-9358-F4C52B344761}.Release|x64.Build.0 = Release|x64
		{1280DCC2-A9F0-48AC-9358-F4C52B344761}.Release|x86.ActiveCfg = Release|Win32
		{1280DCC2-A9F0-48AC-9358-F4C52B344761}.Release|x86.Build.0 = Release|Win32
	EndGlobalSection
	GlobalSection(SolutionProperties) = preSolution
		HideSolutionNode = FALSE
	EndGlobalSection
	GlobalSection(NestedProjects) = preSolution
		{2E9DCEBC-AD74-4BE0-8E65-06E2DC5F4FBC} = {87DCC9FA-32C5-45DC-9E9C-E0E3E115B534}
		{63CB68E0-22F6-42FC-A637-2CE213ED8B0A} = {87DCC9FA-32C5-45DC-9E9C-E0E3E115B534}
		{97B29421-EB5D-430F-B314-A97D9FD02DC2} = {019F221C-5EED-4D07-9AD0-89D796264438}
		{F4BD07B8-FF6E-4D9D-9691-05B6E68C7436} = {019F221C-5EED-4D07-9AD0-89D796264438}
		{9B05B864-631B-4A3B-A7E6-3A90E58672F9} = {019F221C-5EED-4D07-9AD0-89D796264438}
		{6A8EDF9C-63F1-4B2D-9C7C-C6A45BCA009F} = {A1F0F0DB-0127-4245-8101-C2481E3691C0}
		{A5091302-AAA3-4BE4-A0A3-4734057CE59C} = {A1F0F0DB-0127-4245-8101-C2481E3691C0}
		{BE2A02BE-3BD7-489F-A024-6942109591DA} = {A1F0F0DB-0127-4245-8101-C2481E3691C0}
		{9D375500-D212-4085-B7AD-DE4CBF89C2B7} = {A1F0F0DB-0127-4245-8101-C2481E3691C0}
		{B4CCC72C-B1C2-435A-BF05-FF8FC2645E78} = {A1F0F0DB-0127-4245-8101-C2481E3691C0}
		{B325A5A2-698F-4C55-876B-FD5D87F85ACD} = {A1F0F0DB-0127-4245-8101-C2481E3691C0}
		{CE50FBC7-F80E-4BDA-863D-2982103786C2} = {38FF7B5B-9EDA-4D74-AA8C-5A865C395E6B}
		{B744B4AC-9DC9-44EB-878C-478A802092E2} = {38FF7B5B-9EDA-4D74-AA8C-5A865C395E6B}
		{E7B97BE1-66FA-436A-8FFE-749D8CEE15A6} = {A6FB97A8-DF5C-4444-8B57-A3ACF554D1AB}
		{4750213D-214C-4FAB-A5C6-CF71FFB2886E} = {A1F0F0DB-0127-4245-8101-C2481E3691C0}
		{BF3A5BCA-F032-4EC0-8D74-5FEC8B2D7B6E} = {198032A5-2940-4EC9-BCF7-C2B876F99AD7}
		{F8223309-A1A8-412B-88BD-0CEA6F3131A2} = {CDC93EED-4880-411B-B2B3-E0A8A39278E7}
		{25729DF5-8B63-4AF3-902F-EB98F4B95C91} = {198032A5-2940-4EC9-BCF7-C2B876F99AD7}
		{D316EE58-E0B4-4528-80E7-408D76B14BFF} = {198032A5-2940-4EC9-BCF7-C2B876F99AD7}
		{A5684508-B372-4B9A-9916-B1109CF26E94} = {B1C117D1-5904-4C54-A4B8-2642050F6C8E}
		{5622333B-6D19-4874-9DF0-91A1BBD4EB56} = {87669026-CC6F-4A1A-AC59-BBED8E5F107F}
		{94028846-6FC8-4C68-BD3C-4BA812C0E49B} = {B1C117D1-5904-4C54-A4B8-2642050F6C8E}
		{F3C17F87-D685-41C2-957B-EA82E4F73599} = {A6FB97A8-DF5C-4444-8B57-A3ACF554D1AB}
		{225510F0-53CC-4A90-97BF-E9B16A4E55B6} = {D11AC7CA-9EE0-4079-B6EC-A1780CED707A}
		{90453D27-4FB9-4AB1-904B-79720B3FE41B} = {A6FB97A8-DF5C-4444-8B57-A3ACF554D1AB}
		{34833F64-3240-46CF-823E-FF417A9BD99D} = {A6FB97A8-DF5C-4444-8B57-A3ACF554D1AB}
		{5B5641C5-5A72-46BD-8627-FFB4406A165F} = {A6FB97A8-DF5C-4444-8B57-A3ACF554D1AB}
		{51B51BE1-FBC9-44AE-BF0E-88638E4871B8} = {F2C14A25-DC03-4621-A52C-358DA9C8D878}
		{6EC2B46D-5FB2-4AD9-BA90-8A8D106BB3A3} = {F2C14A25-DC03-4621-A52C-358DA9C8D878}
		{C3C9438D-C73D-471E-AECF-C4ECA8CA0623} = {F2C14A25-DC03-4621-A52C-358DA9C8D878}
		{7A46E346-89C2-4432-B383-C33A1E94B77C} = {F45F6BEE-0ADD-4CAF-9164-DC9C91E4ADBB}
		{57345F99-51C7-49D3-83CF-26752B68D03F} = {919EB72D-390E-405C-8449-2E47EE897C82}
		{BC708F5F-5CC4-4572-B7F9-3B4B13FEDF59} = {F45F6BEE-0ADD-4CAF-9164-DC9C91E4ADBB}
		{EE9B03D4-5587-490A-BF9D-B9013D6E177E} = {A6FB97A8-DF5C-4444-8B57-A3ACF554D1AB}
		{8065C1D8-D51E-4FF8-A4C2-2E5D3A24D788} = {A6FB97A8-DF5C-4444-8B57-A3ACF554D1AB}
		{83CA46AF-D7DC-4F85-8E97-FA4A752F0F57} = {BA61C09C-2890-45AC-B764-E1F3033945AD}
		{D48D050C-81B4-4DB5-A6FD-8F9CBD8F41D9} = {BA61C09C-2890-45AC-B764-E1F3033945AD}
		{073FB55C-BC8E-437C-BA1D-03E8B5FEEEB6} = {BA61C09C-2890-45AC-B764-E1F3033945AD}
		{9C15D452-A35C-4F7C-A7D5-606F49DD3E90} = {82B6B75C-4C4F-46F7-BC85-CD30221BA8F0}
		{759AFFE3-83B4-442B-8202-3EAED6348F94} = {82B6B75C-4C4F-46F7-BC85-CD30221BA8F0}
		{8D8DE8F6-1EF4-4A12-AAA5-C94AA5D95729} = {0021DA81-5360-474C-8732-A3A9BADF6488}
		{0C8F3A43-93B6-403C-9C81-8679B36AB04A} = {0021DA81-5360-474C-8732-A3A9BADF6488}
		{7B3F4363-DC54-4157-98F7-C37479FC3837} = {600F6C05-3A1C-4B2B-8BC0-01EC82FFC9BB}
		{1280DCC2-A9F0-48AC-9358-F4C52B344761} = {0021DA81-5360-474C-8732-A3A9BADF6488}
	EndGlobalSection
	GlobalSection(ExtensibilityGlobals) = postSolution
		SolutionGuid = {F7FD1736-E03A-4C02-B22C-5C82ACF572F6}
	EndGlobalSection
EndGlobal
